
Microsoft Visual Studio Solution File, Format Version 12.00
# Visual Studio Version 16
VisualStudioVersion = 16.0.29911.84
MinimumVisualStudioVersion = 10.0.40219.1
Project("{FAE04EC0-301F-11D3-BF4B-00C04F79EFBC}") = "ArtigoAzureServiceBus.API", "ArtigoAzureServiceBus.API\ArtigoAzureServiceBus.API.csproj", "{3721E7BA-9535-45F2-8C78-28858F7A4BBE}"
EndProject
Global
	GlobalSection(SolutionConfigurationPlatforms) = preSolution
		Debug|Any CPU = Debug|Any CPU
		Release|Any CPU = Release|Any CPU
	EndGlobalSection
	GlobalSection(ProjectConfigurationPlatforms) = postSolution
		{3721E7BA-9535-45F2-8C78-28858F7A4BBE}.Debug|Any CPU.ActiveCfg = Debug|Any CPU
		{3721E7BA-9535-45F2-8C78-28858F7A4BBE}.Debug|Any CPU.Build.0 = Debug|Any CPU
		{3721E7BA-9535-45F2-8C78-28858F7A4BBE}.Release|Any CPU.ActiveCfg = Release|Any CPU
		{3721E7BA-9535-45F2-8C78-28858F7A4BBE}.Release|Any CPU.Build.0 = Release|Any CPU
	EndGlobalSection
	GlobalSection(SolutionProperties) = preSolution
		HideSolutionNode = FALSE
	EndGlobalSection
	GlobalSection(ExtensibilityGlobals) = postSolution
		SolutionGuid = {83B8F6C7-E73E-4A78-A83D-817AA9AFCD5D}
	EndGlobalSection
EndGlobal
